
Microsoft Visual Studio Solution File, Format Version 12.00
# Visual Studio 15
VisualStudioVersion = 15.0.27428.2005
MinimumVisualStudioVersion = 10.0.40219.1
Project("{F184B08F-C81C-45F6-A57F-5ABD9991F28F}") = "CreditCeleste", "CreditCeleste\CreditCeleste.vbproj", "{425110DF-6418-4A0E-9B8A-3A69215753AE}"
EndProject
Global
	GlobalSection(SolutionConfigurationPlatforms) = preSolution
		Debug|Any CPU = Debug|Any CPU
		Release|Any CPU = Release|Any CPU
	EndGlobalSection
	GlobalSection(ProjectConfigurationPlatforms) = postSolution
		{425110DF-6418-4A0E-9B8A-3A69215753AE}.Debug|Any CPU.ActiveCfg = Debug|Any CPU
		{425110DF-6418-4A0E-9B8A-3A69215753AE}.Debug|Any CPU.Build.0 = Debug|Any CPU
		{425110DF-6418-4A0E-9B8A-3A69215753AE}.Release|Any CPU.ActiveCfg = Release|Any CPU
		{425110DF-6418-4A0E-9B8A-3A69215753AE}.Release|Any CPU.Build.0 = Release|Any CPU
	EndGlobalSection
	GlobalSection(SolutionProperties) = preSolution
		HideSolutionNode = FALSE
	EndGlobalSection
	GlobalSection(ExtensibilityGlobals) = postSolution
		SolutionGuid = {EEE60009-1F32-44C7-98D2-BD4AA19ACD39}
	EndGlobalSection
EndGlobal
